
Microsoft Visual Studio Solution File, Format Version 12.00
# Visual Studio Version 17
VisualStudioVersion = 17.3.32901.215
MinimumVisualStudioVersion = 10.0.40219.1
Project("{FAE04EC0-301F-11D3-BF4B-00C04F79EFBC}") = "C_sharp_laba_5", "C_sharp_laba_5.csproj", "{4D983D68-CD0F-4B4E-82E5-5703893CD35D}"
EndProject
Global
	GlobalSection(SolutionConfigurationPlatforms) = preSolution
		Debug|Any CPU = Debug|Any CPU
		Release|Any CPU = Release|Any CPU
	EndGlobalSection
	GlobalSection(ProjectConfigurationPlatforms) = postSolution
		{4D983D68-CD0F-4B4E-82E5-5703893CD35D}.Debug|Any CPU.ActiveCfg = Debug|Any CPU
		{4D983D68-CD0F-4B4E-82E5-5703893CD35D}.Debug|Any CPU.Build.0 = Debug|Any CPU
		{4D983D68-CD0F-4B4E-82E5-5703893CD35D}.Release|Any CPU.ActiveCfg = Release|Any CPU
		{4D983D68-CD0F-4B4E-82E5-5703893CD35D}.Release|Any CPU.Build.0 = Release|Any CPU
	EndGlobalSection
	GlobalSection(SolutionProperties) = preSolution
		HideSolutionNode = FALSE
	EndGlobalSection
	GlobalSection(ExtensibilityGlobals) = postSolution
		SolutionGuid = {7DAC674E-B94A-445C-A454-140BD0A8835A}
	EndGlobalSection
EndGlobal
